
Microsoft Visual Studio Solution File, Format Version 12.00
# Visual Studio Version 17
VisualStudioVersion = 17.9.34701.34
MinimumVisualStudioVersion = 10.0.40219.1
Project("{2150E333-8FDC-42A3-9474-1A3956D46DE8}") = "src", "src", "{827E0CD3-B72D-47B6-A68D-7590B98EB39B}"
EndProject
Project("{FAE04EC0-301F-11D3-BF4B-00C04F79EFBC}") = "SixDemonBag", "src\SixDemonBag\SixDemonBag.csproj", "{C367A240-5B19-43CE-B925-3B208164A382}"
EndProject
Project("{2150E333-8FDC-42A3-9474-1A3956D46DE8}") = "tests", "tests", "{0AB3BF05-4346-4AA6-1389-037BE0695223}"
EndProject
Project("{FAE04EC0-301F-11D3-BF4B-00C04F79EFBC}") = "SixDemonBag.Tests", "tests\SixDemonBag.Tests\SixDemonBag.Tests.csproj", "{7525FEAF-62B4-4F01-88BC-4D51E07F8F3D}"
EndProject
Global
	GlobalSection(SolutionConfigurationPlatforms) = preSolution
		Debug|Any CPU = Debug|Any CPU
		Release|Any CPU = Release|Any CPU
	EndGlobalSection
	GlobalSection(ProjectConfigurationPlatforms) = postSolution
		{C367A240-5B19-43CE-B925-3B208164A382}.Debug|Any CPU.ActiveCfg = Debug|Any CPU
		{C367A240-5B19-43CE-B925-3B208164A382}.Debug|Any CPU.Build.0 = Debug|Any CPU
		{C367A240-5B19-43CE-B925-3B208164A382}.Release|Any CPU.ActiveCfg = Release|Any CPU
		{C367A240-5B19-43CE-B925-3B208164A382}.Release|Any CPU.Build.0 = Release|Any CPU
		{7525FEAF-62B4-4F01-88BC-4D51E07F8F3D}.Debug|Any CPU.ActiveCfg = Debug|Any CPU
		{7525FEAF-62B4-4F01-88BC-4D51E07F8F3D}.Debug|Any CPU.Build.0 = Debug|Any CPU
		{7525FEAF-62B4-4F01-88BC-4D51E07F8F3D}.Release|Any CPU.ActiveCfg = Release|Any CPU
		{7525FEAF-62B4-4F01-88BC-4D51E07F8F3D}.Release|Any CPU.Build.0 = Release|Any CPU
	EndGlobalSection
	GlobalSection(SolutionProperties) = preSolution
		HideSolutionNode = FALSE
	EndGlobalSection
	GlobalSection(NestedProjects) = preSolution
		{C367A240-5B19-43CE-B925-3B208164A382} = {827E0CD3-B72D-47B6-A68D-7590B98EB39B}
		{7525FEAF-62B4-4F01-88BC-4D51E07F8F3D} = {0AB3BF05-4346-4AA6-1389-037BE0695223}
	EndGlobalSection
	GlobalSection(ExtensibilityGlobals) = postSolution
		SolutionGuid = {07EF7C55-449B-489D-8A39-9D43938D7915}
	EndGlobalSection
EndGlobal
