
Microsoft Visual Studio Solution File, Format Version 12.00
# Visual Studio Version 18
VisualStudioVersion = 18.4.11626.88
MinimumVisualStudioVersion = 10.0.40219.1
Project("{2150E333-8FDC-42A3-9474-1A3956D46DE8}") = "src", "src", "{1B0AF7D7-8065-4A92-ADEA-39BD69F39F80}"
EndProject
Project("{FAE04EC0-301F-11D3-BF4B-00C04F79EFBC}") = "SixDemonBag.Sdk", "src\SixDemonBag.Sdk\SixDemonBag.Sdk.csproj", "{FE064CAD-EBFC-42B4-AA5E-B92F53E8828D}"
EndProject
Project("{FAE04EC0-301F-11D3-BF4B-00C04F79EFBC}") = "SixDemonBag.Tests", "tests\SixDemonBag.Tests\SixDemonBag.Tests.csproj", "{F95857D6-CF59-4221-A32F-9DFEB9BCE18F}"
EndProject
Project("{2150E333-8FDC-42A3-9474-1A3956D46DE8}") = "Solution Items", "Solution Items", "{6D8D2DF5-1241-4D80-A07B-BC2AEEFFBC81}"
	ProjectSection(SolutionItems) = preProject
		.editorconfig = .editorconfig
		Directory.Build.props = Directory.Build.props
	EndProjectSection
EndProject
Project("{FAE04EC0-301F-11D3-BF4B-00C04F79EFBC}") = "SixDemonBag.Sandbox", "sandbox\SixDemonBag.Sandbox\SixDemonBag.Sandbox.csproj", "{E812378B-6AE9-4F27-9096-103D09E16163}"
EndProject
Global
	GlobalSection(SolutionConfigurationPlatforms) = preSolution
		Debug|Any CPU = Debug|Any CPU
		Release|Any CPU = Release|Any CPU
	EndGlobalSection
	GlobalSection(ProjectConfigurationPlatforms) = postSolution
		{FE064CAD-EBFC-42B4-AA5E-B92F53E8828D}.Debug|Any CPU.ActiveCfg = Debug|Any CPU
		{FE064CAD-EBFC-42B4-AA5E-B92F53E8828D}.Debug|Any CPU.Build.0 = Debug|Any CPU
		{FE064CAD-EBFC-42B4-AA5E-B92F53E8828D}.Release|Any CPU.ActiveCfg = Release|Any CPU
		{FE064CAD-EBFC-42B4-AA5E-B92F53E8828D}.Release|Any CPU.Build.0 = Release|Any CPU
		{F95857D6-CF59-4221-A32F-9DFEB9BCE18F}.Debug|Any CPU.ActiveCfg = Debug|Any CPU
		{F95857D6-CF59-4221-A32F-9DFEB9BCE18F}.Debug|Any CPU.Build.0 = Debug|Any CPU
		{F95857D6-CF59-4221-A32F-9DFEB9BCE18F}.Release|Any CPU.ActiveCfg = Release|Any CPU
		{F95857D6-CF59-4221-A32F-9DFEB9BCE18F}.Release|Any CPU.Build.0 = Release|Any CPU
		{E812378B-6AE9-4F27-9096-103D09E16163}.Debug|Any CPU.ActiveCfg = Debug|Any CPU
		{E812378B-6AE9-4F27-9096-103D09E16163}.Debug|Any CPU.Build.0 = Debug|Any CPU
		{E812378B-6AE9-4F27-9096-103D09E16163}.Release|Any CPU.ActiveCfg = Release|Any CPU
		{E812378B-6AE9-4F27-9096-103D09E16163}.Release|Any CPU.Build.0 = Release|Any CPU
	EndGlobalSection
	GlobalSection(SolutionProperties) = preSolution
		HideSolutionNode = FALSE
	EndGlobalSection
	GlobalSection(NestedProjects) = preSolution
		{FE064CAD-EBFC-42B4-AA5E-B92F53E8828D} = {1B0AF7D7-8065-4A92-ADEA-39BD69F39F80}
		{F95857D6-CF59-4221-A32F-9DFEB9BCE18F} = {1B0AF7D7-8065-4A92-ADEA-39BD69F39F80}
	EndGlobalSection
	GlobalSection(ExtensibilityGlobals) = postSolution
		SolutionGuid = {07EF7C55-449B-489D-8A39-9D43938D7915}
	EndGlobalSection
EndGlobal
